// !$*UTF8*$!
{
	archiveVersion = 1;
	classes = {
	};
	objectVersion = 50;
	objects = {

/* Begin PBXBuildFile section */
		41757AE425601E1A0005C99E /* Pointers.cpp in Sources */ = {isa = PBXBuildFile; fileRef = 41757AE225601E1A0005C99E /* Pointers.cpp */; };
		41A4B31F25583E6C00E9ED5A /* Instance.cpp in Sources */ = {isa = PBXBuildFile; fileRef = 41A4B31D25583E6C00E9ED5A /* Instance.cpp */; };
		41B88E58256AA1410019129C /* HR.cpp in Sources */ = {isa = PBXBuildFile; fileRef = 41B88E56256AA1410019129C /* HR.cpp */; };
		41B88E5C256AA2110019129C /* Strings.cpp in Sources */ = {isa = PBXBuildFile; fileRef = 41B88E5A256AA2110019129C /* Strings.cpp */; };
		41DEB29A25522440000C48C3 /* main.cpp in Sources */ = {isa = PBXBuildFile; fileRef = 41DEB29925522440000C48C3 /* main.cpp */; };
		41E03FF5256EB67200A0A8F9 /* Vectors.cpp in Sources */ = {isa = PBXBuildFile; fileRef = 41E03FF3256EB67200A0A8F9 /* Vectors.cpp */; };
		41E03FF9256EC02D00A0A8F9 /* Polymorphism.cpp in Sources */ = {isa = PBXBuildFile; fileRef = 41E03FF7256EC02D00A0A8F9 /* Polymorphism.cpp */; };
		41F7B344256A0216008A1BA8 /* Enum_Typedef.cpp in Sources */ = {isa = PBXBuildFile; fileRef = 41F7B342256A0216008A1BA8 /* Enum_Typedef.cpp */; };
		41F7B349256A0928008A1BA8 /* Maths.cpp in Sources */ = {isa = PBXBuildFile; fileRef = 41F7B347256A0928008A1BA8 /* Maths.cpp */; };
		41F7B34D256A09A4008A1BA8 /* Finances.cpp in Sources */ = {isa = PBXBuildFile; fileRef = 41F7B34B256A09A4008A1BA8 /* Finances.cpp */; };
/* End PBXBuildFile section */

/* Begin PBXCopyFilesBuildPhase section */
		41DEB29425522440000C48C3 /* CopyFiles */ = {
			isa = PBXCopyFilesBuildPhase;
			buildActionMask = 2147483647;
			dstPath = /usr/share/man/man1/;
			dstSubfolderSpec = 0;
			files = (
			);
			runOnlyForDeploymentPostprocessing = 1;
		};
/* End PBXCopyFilesBuildPhase section */

/* Begin PBXFileReference section */
		41757AE225601E1A0005C99E /* Pointers.cpp */ = {isa = PBXFileReference; lastKnownFileType = sourcecode.cpp.cpp; path = Pointers.cpp; sourceTree = "<group>"; };
		41757AE325601E1A0005C99E /* Pointers.hpp */ = {isa = PBXFileReference; lastKnownFileType = sourcecode.cpp.h; path = Pointers.hpp; sourceTree = "<group>"; };
		41A4B31D25583E6C00E9ED5A /* Instance.cpp */ = {isa = PBXFileReference; lastKnownFileType = sourcecode.cpp.cpp; path = Instance.cpp; sourceTree = "<group>"; };
		41A4B31E25583E6C00E9ED5A /* Instance.hpp */ = {isa = PBXFileReference; lastKnownFileType = sourcecode.cpp.h; path = Instance.hpp; sourceTree = "<group>"; };
		41B88E54256A9B450019129C /* Tests */ = {isa = PBXFileReference; explicitFileType = "compiled.mach-o.executable"; includeInIndex = 0; path = Tests; sourceTree = BUILT_PRODUCTS_DIR; };
		41B88E56256AA1410019129C /* HR.cpp */ = {isa = PBXFileReference; lastKnownFileType = sourcecode.cpp.cpp; path = HR.cpp; sourceTree = "<group>"; };
		41B88E57256AA1410019129C /* HR.hpp */ = {isa = PBXFileReference; lastKnownFileType = sourcecode.cpp.h; path = HR.hpp; sourceTree = "<group>"; };
		41B88E5A256AA2110019129C /* Strings.cpp */ = {isa = PBXFileReference; lastKnownFileType = sourcecode.cpp.cpp; path = Strings.cpp; sourceTree = "<group>"; };
		41B88E5B256AA2110019129C /* Strings.hpp */ = {isa = PBXFileReference; lastKnownFileType = sourcecode.cpp.h; path = Strings.hpp; sourceTree = "<group>"; };
		41DEB29925522440000C48C3 /* main.cpp */ = {isa = PBXFileReference; lastKnownFileType = sourcecode.cpp.cpp; path = main.cpp; sourceTree = "<group>"; };
		41DEB2A125522467000C48C3 /* Header.h */ = {isa = PBXFileReference; lastKnownFileType = sourcecode.c.h; path = Header.h; sourceTree = "<group>"; };
		41E03FF3256EB67200A0A8F9 /* Vectors.cpp */ = {isa = PBXFileReference; lastKnownFileType = sourcecode.cpp.cpp; path = Vectors.cpp; sourceTree = "<group>"; };
		41E03FF4256EB67200A0A8F9 /* Vectors.hpp */ = {isa = PBXFileReference; lastKnownFileType = sourcecode.cpp.h; path = Vectors.hpp; sourceTree = "<group>"; };
		41E03FF7256EC02D00A0A8F9 /* Polymorphism.cpp */ = {isa = PBXFileReference; lastKnownFileType = sourcecode.cpp.cpp; path = Polymorphism.cpp; sourceTree = "<group>"; };
		41E03FF8256EC02D00A0A8F9 /* Polymorphism.hpp */ = {isa = PBXFileReference; lastKnownFileType = sourcecode.cpp.h; path = Polymorphism.hpp; sourceTree = "<group>"; };
		41F7B342256A0216008A1BA8 /* Enum_Typedef.cpp */ = {isa = PBXFileReference; lastKnownFileType = sourcecode.cpp.cpp; path = Enum_Typedef.cpp; sourceTree = "<group>"; };
		41F7B343256A0216008A1BA8 /* Enum_Typedef.hpp */ = {isa = PBXFileReference; lastKnownFileType = sourcecode.cpp.h; path = Enum_Typedef.hpp; sourceTree = "<group>"; };
		41F7B347256A0928008A1BA8 /* Maths.cpp */ = {isa = PBXFileReference; lastKnownFileType = sourcecode.cpp.cpp; path = Maths.cpp; sourceTree = "<group>"; };
		41F7B348256A0928008A1BA8 /* Maths.hpp */ = {isa = PBXFileReference; lastKnownFileType = sourcecode.cpp.h; path = Maths.hpp; sourceTree = "<group>"; };
		41F7B34B256A09A4008A1BA8 /* Finances.cpp */ = {isa = PBXFileReference; lastKnownFileType = sourcecode.cpp.cpp; path = Finances.cpp; sourceTree = "<group>"; };
		41F7B34C256A09A4008A1BA8 /* Finances.hpp */ = {isa = PBXFileReference; lastKnownFileType = sourcecode.cpp.h; path = Finances.hpp; sourceTree = "<group>"; };
/* End PBXFileReference section */

/* Begin PBXFrameworksBuildPhase section */
		41DEB29325522440000C48C3 /* Frameworks */ = {
			isa = PBXFrameworksBuildPhase;
			buildActionMask = 2147483647;
			files = (
			);
			runOnlyForDeploymentPostprocessing = 0;
		};
/* End PBXFrameworksBuildPhase section */

/* Begin PBXGroup section */
		41DEB28D25522440000C48C3 = {
			isa = PBXGroup;
			children = (
				41DEB29825522440000C48C3 /* Tests */,
				41B88E54256A9B450019129C /* Tests */,
			);
			sourceTree = "<group>";
		};
		41DEB29825522440000C48C3 /* Tests */ = {
			isa = PBXGroup;
			children = (
				41F7B343256A0216008A1BA8 /* Enum_Typedef.hpp */,
				41F7B342256A0216008A1BA8 /* Enum_Typedef.cpp */,
				41F7B34C256A09A4008A1BA8 /* Finances.hpp */,
				41F7B34B256A09A4008A1BA8 /* Finances.cpp */,
				41B88E57256AA1410019129C /* HR.hpp */,
				41B88E56256AA1410019129C /* HR.cpp */,
				41A4B31E25583E6C00E9ED5A /* Instance.hpp */,
				41A4B31D25583E6C00E9ED5A /* Instance.cpp */,
				41F7B348256A0928008A1BA8 /* Maths.hpp */,
				41F7B347256A0928008A1BA8 /* Maths.cpp */,
				41757AE325601E1A0005C99E /* Pointers.hpp */,
				41757AE225601E1A0005C99E /* Pointers.cpp */,
				41E03FF8256EC02D00A0A8F9 /* Polymorphism.hpp */,
				41E03FF7256EC02D00A0A8F9 /* Polymorphism.cpp */,
				41B88E5B256AA2110019129C /* Strings.hpp */,
				41B88E5A256AA2110019129C /* Strings.cpp */,
				41E03FF4256EB67200A0A8F9 /* Vectors.hpp */,
				41E03FF3256EB67200A0A8F9 /* Vectors.cpp */,
				41DEB2A125522467000C48C3 /* Header.h */,
				41DEB29925522440000C48C3 /* main.cpp */,
			);
			path = Tests;
			sourceTree = "<group>";
		};
/* End PBXGroup section */

/* Begin PBXNativeTarget section */
		41DEB29525522440000C48C3 /* Tests */ = {
			isa = PBXNativeTarget;
			buildConfigurationList = 41DEB29D25522440000C48C3 /* Build configuration list for PBXNativeTarget "Tests" */;
			buildPhases = (
				41DEB29225522440000C48C3 /* Sources */,
				41DEB29325522440000C48C3 /* Frameworks */,
				41DEB29425522440000C48C3 /* CopyFiles */,
			);
			buildRules = (
			);
			dependencies = (
			);
			name = Tests;
			productName = Tests;
			productReference = 41B88E54256A9B450019129C /* Tests */;
			productType = "com.apple.product-type.tool";
		};
/* End PBXNativeTarget section */

/* Begin PBXProject section */
		41DEB28E25522440000C48C3 /* Project object */ = {
			isa = PBXProject;
			attributes = {
				LastUpgradeCheck = 1210;
				TargetAttributes = {
					41DEB29525522440000C48C3 = {
						CreatedOnToolsVersion = 12.1;
					};
				};
			};
			buildConfigurationList = 41DEB29125522440000C48C3 /* Build configuration list for PBXProject "Tests" */;
			compatibilityVersion = "Xcode 9.3";
			developmentRegion = en;
			hasScannedForEncodings = 0;
			knownRegions = (
				en,
				Base,
			);
			mainGroup = 41DEB28D25522440000C48C3;
			productRefGroup = 41DEB28D25522440000C48C3;
			projectDirPath = "";
			projectRoot = "";
			targets = (
				41DEB29525522440000C48C3 /* Tests */,
			);
		};
/* End PBXProject section */

/* Begin PBXSourcesBuildPhase section */
		41DEB29225522440000C48C3 /* Sources */ = {
			isa = PBXSourcesBuildPhase;
			buildActionMask = 2147483647;
			files = (
				41E03FF9256EC02D00A0A8F9 /* Polymorphism.cpp in Sources */,
				41F7B34D256A09A4008A1BA8 /* Finances.cpp in Sources */,
				41E03FF5256EB67200A0A8F9 /* Vectors.cpp in Sources */,
				41A4B31F25583E6C00E9ED5A /* Instance.cpp in Sources */,
				41DEB29A25522440000C48C3 /* main.cpp in Sources */,
				41F7B344256A0216008A1BA8 /* Enum_Typedef.cpp in Sources */,
				41757AE425601E1A0005C99E /* Pointers.cpp in Sources */,
				41F7B349256A0928008A1BA8 /* Maths.cpp in Sources */,
				41B88E5C256AA2110019129C /* Strings.cpp in Sources */,
				41B88E58256AA1410019129C /* HR.cpp in Sources */,
			);
			runOnlyForDeploymentPostprocessing = 0;
		};
/* End PBXSourcesBuildPhase section */

/* Begin XCBuildConfiguration section */
		41DEB29B25522440000C48C3 /* Debug */ = {
			isa = XCBuildConfiguration;
			buildSettings = {
				ALWAYS_SEARCH_USER_PATHS = NO;
				CLANG_ANALYZER_NONNULL = YES;
				CLANG_ANALYZER_NUMBER_OBJECT_CONVERSION = YES_AGGRESSIVE;
				CLANG_CXX_LANGUAGE_STANDARD = "gnu++14";
				CLANG_CXX_LIBRARY = "libc++";
				CLANG_ENABLE_MODULES = YES;
				CLANG_ENABLE_OBJC_ARC = YES;
				CLANG_ENABLE_OBJC_WEAK = YES;
				CLANG_WARN_BLOCK_CAPTURE_AUTORELEASING = YES;
				CLANG_WARN_BOOL_CONVERSION = YES;
				CLANG_WARN_COMMA = YES;
				CLANG_WARN_CONSTANT_CONVERSION = YES;
				CLANG_WARN_DEPRECATED_OBJC_IMPLEMENTATIONS = YES;
				CLANG_WARN_DIRECT_OBJC_ISA_USAGE = YES_ERROR;
				CLANG_WARN_DOCUMENTATION_COMMENTS = YES;
				CLANG_WARN_EMPTY_BODY = YES;
				CLANG_WARN_ENUM_CONVERSION = YES;
				CLANG_WARN_INFINITE_RECURSION = YES;
				CLANG_WARN_INT_CONVERSION = YES;
				CLANG_WARN_NON_LITERAL_NULL_CONVERSION = YES;
				CLANG_WARN_OBJC_IMPLICIT_RETAIN_SELF = YES;
				CLANG_WARN_OBJC_LITERAL_CONVERSION = YES;
				CLANG_WARN_OBJC_ROOT_CLASS = YES_ERROR;
				CLANG_WARN_QUOTED_INCLUDE_IN_FRAMEWORK_HEADER = YES;
				CLANG_WARN_RANGE_LOOP_ANALYSIS = YES;
				CLANG_WARN_STRICT_PROTOTYPES = YES;
				CLANG_WARN_SUSPICIOUS_MOVE = YES;
				CLANG_WARN_UNGUARDED_AVAILABILITY = YES_AGGRESSIVE;
				CLANG_WARN_UNREACHABLE_CODE = YES;
				CLANG_WARN__DUPLICATE_METHOD_MATCH = YES;
				COPY_PHASE_STRIP = NO;
				DEBUG_INFORMATION_FORMAT = dwarf;
				ENABLE_STRICT_OBJC_MSGSEND = YES;
				ENABLE_TESTABILITY = YES;
				GCC_C_LANGUAGE_STANDARD = gnu11;
				GCC_DYNAMIC_NO_PIC = NO;
				GCC_NO_COMMON_BLOCKS = YES;
				GCC_OPTIMIZATION_LEVEL = 0;
				GCC_PREPROCESSOR_DEFINITIONS = (
					"DEBUG=1",
					"$(inherited)",
				);
				GCC_WARN_64_TO_32_BIT_CONVERSION = YES;
				GCC_WARN_ABOUT_RETURN_TYPE = YES_ERROR;
				GCC_WARN_UNDECLARED_SELECTOR = YES;
				GCC_WARN_UNINITIALIZED_AUTOS = YES_AGGRESSIVE;
				GCC_WARN_UNUSED_FUNCTION = YES;
				GCC_WARN_UNUSED_VARIABLE = YES;
				MACOSX_DEPLOYMENT_TARGET = 10.15;
				MTL_ENABLE_DEBUG_INFO = INCLUDE_SOURCE;
				MTL_FAST_MATH = YES;
				ONLY_ACTIVE_ARCH = YES;
				SDKROOT = macosx;
			};
			name = Debug;
		};
		41DEB29C25522440000C48C3 /* Release */ = {
			isa = XCBuildConfiguration;
			buildSettings = {
				ALWAYS_SEARCH_USER_PATHS = NO;
				CLANG_ANALYZER_NONNULL = YES;
				CLANG_ANALYZER_NUMBER_OBJECT_CONVERSION = YES_AGGRESSIVE;
				CLANG_CXX_LANGUAGE_STANDARD = "gnu++14";
				CLANG_CXX_LIBRARY = "libc++";
				CLANG_ENABLE_MODULES = YES;
				CLANG_ENABLE_OBJC_ARC = YES;
				CLANG_ENABLE_OBJC_WEAK = YES;
				CLANG_WARN_BLOCK_CAPTURE_AUTORELEASING = YES;
				CLANG_WARN_BOOL_CONVERSION = YES;
				CLANG_WARN_COMMA = YES;
				CLANG_WARN_CONSTANT_CONVERSION = YES;
				CLANG_WARN_DEPRECATED_OBJC_IMPLEMENTATIONS = YES;
				CLANG_WARN_DIRECT_OBJC_ISA_USAGE = YES_ERROR;
				CLANG_WARN_DOCUMENTATION_COMMENTS = YES;
				CLANG_WARN_EMPTY_BODY = YES;
				CLANG_WARN_ENUM_CONVERSION = YES;
				CLANG_WARN_INFINITE_RECURSION = YES;
				CLANG_WARN_INT_CONVERSION = YES;
				CLANG_WARN_NON_LITERAL_NULL_CONVERSION = YES;
				CLANG_WARN_OBJC_IMPLICIT_RETAIN_SELF = YES;
				CLANG_WARN_OBJC_LITERAL_CONVERSION = YES;
				CLANG_WARN_OBJC_ROOT_CLASS = YES_ERROR;
				CLANG_WARN_QUOTED_INCLUDE_IN_FRAMEWORK_HEADER = YES;
				CLANG_WARN_RANGE_LOOP_ANALYSIS = YES;
				CLANG_WARN_STRICT_PROTOTYPES = YES;
				CLANG_WARN_SUSPICIOUS_MOVE = YES;
				CLANG_WARN_UNGUARDED_AVAILABILITY = YES_AGGRESSIVE;
				CLANG_WARN_UNREACHABLE_CODE = YES;
				CLANG_WARN__DUPLICATE_METHOD_MATCH = YES;
				COPY_PHASE_STRIP = NO;
				DEBUG_INFORMATION_FORMAT = "dwarf-with-dsym";
				ENABLE_NS_ASSERTIONS = NO;
				ENABLE_STRICT_OBJC_MSGSEND = YES;
				GCC_C_LANGUAGE_STANDARD = gnu11;
				GCC_NO_COMMON_BLOCKS = YES;
				GCC_WARN_64_TO_32_BIT_CONVERSION = YES;
				GCC_WARN_ABOUT_RETURN_TYPE = YES_ERROR;
				GCC_WARN_UNDECLARED_SELECTOR = YES;
				GCC_WARN_UNINITIALIZED_AUTOS = YES_AGGRESSIVE;
				GCC_WARN_UNUSED_FUNCTION = YES;
				GCC_WARN_UNUSED_VARIABLE = YES;
				MACOSX_DEPLOYMENT_TARGET = 10.15;
				MTL_ENABLE_DEBUG_INFO = NO;
				MTL_FAST_MATH = YES;
				SDKROOT = macosx;
			};
			name = Release;
		};
		41DEB29E25522440000C48C3 /* Debug */ = {
			isa = XCBuildConfiguration;
			buildSettings = {
				CODE_SIGN_STYLE = Automatic;
				PRODUCT_NAME = "$(TARGET_NAME)";
			};
			name = Debug;
		};
		41DEB29F25522440000C48C3 /* Release */ = {
			isa = XCBuildConfiguration;
			buildSettings = {
				CODE_SIGN_STYLE = Automatic;
				PRODUCT_NAME = "$(TARGET_NAME)";
			};
			name = Release;
		};
/* End XCBuildConfiguration section */

/* Begin XCConfigurationList section */
		41DEB29125522440000C48C3 /* Build configuration list for PBXProject "Tests" */ = {
			isa = XCConfigurationList;
			buildConfigurations = (
				41DEB29B25522440000C48C3 /* Debug */,
				41DEB29C25522440000C48C3 /* Release */,
			);
			defaultConfigurationIsVisible = 0;
			defaultConfigurationName = Release;
		};
		41DEB29D25522440000C48C3 /* Build configuration list for PBXNativeTarget "Tests" */ = {
			isa = XCConfigurationList;
			buildConfigurations = (
				41DEB29E25522440000C48C3 /* Debug */,
				41DEB29F25522440000C48C3 /* Release */,
			);
			defaultConfigurationIsVisible = 0;
			defaultConfigurationName = Release;
		};
/* End XCConfigurationList section */
	};
	rootObject = 41DEB28E25522440000C48C3 /* Project object */;
}
